
Microsoft Visual Studio Solution File, Format Version 12.00
# Visual Studio 14
VisualStudioVersion = 14.0.25420.1
MinimumVisualStudioVersion = 10.0.40219.1
Project("{FAE04EC0-301F-11D3-BF4B-00C04F79EFBC}") = "WEP.GSP.Business", "WEP.GSP.Business\WEP.GSP.Business.csproj", "{1D5A14F9-C94C-410B-B842-1A1B1D271D92}"
EndProject
Project("{FAE04EC0-301F-11D3-BF4B-00C04F79EFBC}") = "WEP.GSP.Data", "WEP.GSP.Data\WEP.GSP.Data.csproj", "{6F3C47BB-D3B0-4AF5-9D27-CE8F4CD842BA}"
EndProject
Project("{FAE04EC0-301F-11D3-BF4B-00C04F79EFBC}") = "WEP.GSP.Queue", "WEP.GSP.EventHub.Queue\WEP.GSP.Queue.csproj", "{31EB532B-6532-46C7-B17E-B81E05C081E5}"
EndProject
Project("{FAE04EC0-301F-11D3-BF4B-00C04F79EFBC}") = "WEP.GSP.Service.Storage", "WEP.GSP.Service.Blob\WEP.GSP.Service.Storage.csproj", "{C4D35346-C2E5-441D-A3BA-4BB74A619885}"
EndProject
Project("{FAE04EC0-301F-11D3-BF4B-00C04F79EFBC}") = "WEP.GSP.GSTN", "WEP.GSP.GSTN\WEP.GSP.GSTN.csproj", "{26C25A6C-BC8D-4381-8B9B-E6264FAD0159}"
EndProject
Project("{FAE04EC0-301F-11D3-BF4B-00C04F79EFBC}") = "WEP.GSP.Document", "WEP.GSP.Document\WEP.GSP.Document.csproj", "{BD791205-D0B6-4AAC-91F0-684656D8500B}"
EndProject
Project("{FAE04EC0-301F-11D3-BF4B-00C04F79EFBC}") = "WEP.GSP.Auth", "WEP.GSP.Auth\WEP.GSP.Auth.csproj", "{B022F3D2-8273-4E0D-AEBC-DCB6118FBBC5}"
EndProject
Project("{FAE04EC0-301F-11D3-BF4B-00C04F79EFBC}") = "WEP.GSP.CacheManager", "WEP.GSP.CacheManager\WEP.GSP.CacheManager.csproj", "{7A4C8CC9-2E00-4EAB-8724-0852999E8661}"
EndProject
Project("{FAE04EC0-301F-11D3-BF4B-00C04F79EFBC}") = "WEP.GSP.ServiceCall", "WEP.GSP.ServiceCall\WEP.GSP.ServiceCall.csproj", "{CB3CD17C-9E80-421D-9ADB-A6354E190FD9}"
EndProject
Project("{FAE04EC0-301F-11D3-BF4B-00C04F79EFBC}") = "GSP.Load.Test", "GSP.Load.Test\GSP.Load.Test.csproj", "{111FA5DF-9484-49B4-B1FC-778176968A6D}"
EndProject
Project("{2150E333-8FDC-42A3-9474-1A3956D46DE8}") = "Solution Items", "Solution Items", "{EF4B9513-8CEC-487F-A0F7-F169E08DBD9E}"
	ProjectSection(SolutionItems) = preProject
		Local.testsettings = Local.testsettings
	EndProjectSection
EndProject
Project("{FAE04EC0-301F-11D3-BF4B-00C04F79EFBC}") = "GSTN.EventHub.Receiver", "GSTN.EventHub.Receiver\GSTN.EventHub.Receiver.csproj", "{6C5B6279-8E9E-47E4-A71F-3F3512CFD8A1}"
EndProject
Project("{FAE04EC0-301F-11D3-BF4B-00C04F79EFBC}") = "WEP.GSP.RestAPI", "WEP.GSP.RestAPI\WEP.GSP.RestAPI.csproj", "{5C3DC6CB-4B8A-4608-B1DF-259EC903586C}"
EndProject
Project("{FAE04EC0-301F-11D3-BF4B-00C04F79EFBC}") = "WEP.GSP.WindowsServices", "WEP.GSP.WindowsServices\WEP.GSP.WindowsServices.csproj", "{153F71D3-1F5E-4F3A-B9A6-5C3E57F92D29}"
EndProject
Project("{FAE04EC0-301F-11D3-BF4B-00C04F79EFBC}") = "WEP.Utility", "WEP.Utility\WEP.Utility.csproj", "{EEBD6C87-CB93-46E5-89F8-9AB657AADE78}"
EndProject
Project("{FAE04EC0-301F-11D3-BF4B-00C04F79EFBC}") = "WEP.GSP.Receiver", "WEP.GSP.Receiver\WEP.GSP.Receiver.csproj", "{435EC31B-4423-4C6E-B52B-2E32BF274235}"
EndProject
Project("{FAE04EC0-301F-11D3-BF4B-00C04F79EFBC}") = "WEP.GSP.ServiceBus.RestAPI", "WEP.GSP.ServiceBus.RestAPI\WEP.GSP.ServiceBus.RestAPI.csproj", "{405AC08F-8416-4229-A70C-7A5D6AC4FD37}"
EndProject
Project("{FAE04EC0-301F-11D3-BF4B-00C04F79EFBC}") = "WEP.GSP.ServiceBus.WindowsServices", "WEP.GSP.ServiceBus.WindowsServices\WEP.GSP.ServiceBus.WindowsServices.csproj", "{0A71D947-C1AC-4718-859A-FE2F6EFD3417}"
EndProject
Project("{FAE04EC0-301F-11D3-BF4B-00C04F79EFBC}") = "Blob.Utility", "Blob.Utility\Blob.Utility.csproj", "{F1C4848B-D5DD-4F6B-9405-C08550FC0D55}"
EndProject
Global
	GlobalSection(SolutionConfigurationPlatforms) = preSolution
		Debug|Any CPU = Debug|Any CPU
		Release|Any CPU = Release|Any CPU
	EndGlobalSection
	GlobalSection(ProjectConfigurationPlatforms) = postSolution
		{1D5A14F9-C94C-410B-B842-1A1B1D271D92}.Debug|Any CPU.ActiveCfg = Debug|Any CPU
		{1D5A14F9-C94C-410B-B842-1A1B1D271D92}.Debug|Any CPU.Build.0 = Debug|Any CPU
		{1D5A14F9-C94C-410B-B842-1A1B1D271D92}.Release|Any CPU.ActiveCfg = Release|Any CPU
		{1D5A14F9-C94C-410B-B842-1A1B1D271D92}.Release|Any CPU.Build.0 = Release|Any CPU
		{6F3C47BB-D3B0-4AF5-9D27-CE8F4CD842BA}.Debug|Any CPU.ActiveCfg = Debug|Any CPU
		{6F3C47BB-D3B0-4AF5-9D27-CE8F4CD842BA}.Debug|Any CPU.Build.0 = Debug|Any CPU
		{6F3C47BB-D3B0-4AF5-9D27-CE8F4CD842BA}.Release|Any CPU.ActiveCfg = Release|Any CPU
		{6F3C47BB-D3B0-4AF5-9D27-CE8F4CD842BA}.Release|Any CPU.Build.0 = Release|Any CPU
		{31EB532B-6532-46C7-B17E-B81E05C081E5}.Debug|Any CPU.ActiveCfg = Debug|Any CPU
		{31EB532B-6532-46C7-B17E-B81E05C081E5}.Debug|Any CPU.Build.0 = Debug|Any CPU
		{31EB532B-6532-46C7-B17E-B81E05C081E5}.Release|Any CPU.ActiveCfg = Release|Any CPU
		{31EB532B-6532-46C7-B17E-B81E05C081E5}.Release|Any CPU.Build.0 = Release|Any CPU
		{C4D35346-C2E5-441D-A3BA-4BB74A619885}.Debug|Any CPU.ActiveCfg = Debug|Any CPU
		{C4D35346-C2E5-441D-A3BA-4BB74A619885}.Debug|Any CPU.Build.0 = Debug|Any CPU
		{C4D35346-C2E5-441D-A3BA-4BB74A619885}.Release|Any CPU.ActiveCfg = Release|Any CPU
		{C4D35346-C2E5-441D-A3BA-4BB74A619885}.Release|Any CPU.Build.0 = Release|Any CPU
		{26C25A6C-BC8D-4381-8B9B-E6264FAD0159}.Debug|Any CPU.ActiveCfg = Debug|Any CPU
		{26C25A6C-BC8D-4381-8B9B-E6264FAD0159}.Debug|Any CPU.Build.0 = Debug|Any CPU
		{26C25A6C-BC8D-4381-8B9B-E6264FAD0159}.Release|Any CPU.ActiveCfg = Release|Any CPU
		{26C25A6C-BC8D-4381-8B9B-E6264FAD0159}.Release|Any CPU.Build.0 = Release|Any CPU
		{BD791205-D0B6-4AAC-91F0-684656D8500B}.Debug|Any CPU.ActiveCfg = Debug|Any CPU
		{BD791205-D0B6-4AAC-91F0-684656D8500B}.Debug|Any CPU.Build.0 = Debug|Any CPU
		{BD791205-D0B6-4AAC-91F0-684656D8500B}.Release|Any CPU.ActiveCfg = Release|Any CPU
		{BD791205-D0B6-4AAC-91F0-684656D8500B}.Release|Any CPU.Build.0 = Release|Any CPU
		{B022F3D2-8273-4E0D-AEBC-DCB6118FBBC5}.Debug|Any CPU.ActiveCfg = Debug|Any CPU
		{B022F3D2-8273-4E0D-AEBC-DCB6118FBBC5}.Debug|Any CPU.Build.0 = Debug|Any CPU
		{B022F3D2-8273-4E0D-AEBC-DCB6118FBBC5}.Release|Any CPU.ActiveCfg = Release|Any CPU
		{B022F3D2-8273-4E0D-AEBC-DCB6118FBBC5}.Release|Any CPU.Build.0 = Release|Any CPU
		{7A4C8CC9-2E00-4EAB-8724-0852999E8661}.Debug|Any CPU.ActiveCfg = Debug|Any CPU
		{7A4C8CC9-2E00-4EAB-8724-0852999E8661}.Debug|Any CPU.Build.0 = Debug|Any CPU
		{7A4C8CC9-2E00-4EAB-8724-0852999E8661}.Release|Any CPU.ActiveCfg = Release|Any CPU
		{7A4C8CC9-2E00-4EAB-8724-0852999E8661}.Release|Any CPU.Build.0 = Release|Any CPU
		{CB3CD17C-9E80-421D-9ADB-A6354E190FD9}.Debug|Any CPU.ActiveCfg = Debug|Any CPU
		{CB3CD17C-9E80-421D-9ADB-A6354E190FD9}.Debug|Any CPU.Build.0 = Debug|Any CPU
		{CB3CD17C-9E80-421D-9ADB-A6354E190FD9}.Release|Any CPU.ActiveCfg = Release|Any CPU
		{CB3CD17C-9E80-421D-9ADB-A6354E190FD9}.Release|Any CPU.Build.0 = Release|Any CPU
		{111FA5DF-9484-49B4-B1FC-778176968A6D}.Debug|Any CPU.ActiveCfg = Debug|Any CPU
		{111FA5DF-9484-49B4-B1FC-778176968A6D}.Debug|Any CPU.Build.0 = Debug|Any CPU
		{111FA5DF-9484-49B4-B1FC-778176968A6D}.Release|Any CPU.ActiveCfg = Release|Any CPU
		{111FA5DF-9484-49B4-B1FC-778176968A6D}.Release|Any CPU.Build.0 = Release|Any CPU
		{6C5B6279-8E9E-47E4-A71F-3F3512CFD8A1}.Debug|Any CPU.ActiveCfg = Debug|Any CPU
		{6C5B6279-8E9E-47E4-A71F-3F3512CFD8A1}.Debug|Any CPU.Build.0 = Debug|Any CPU
		{6C5B6279-8E9E-47E4-A71F-3F3512CFD8A1}.Release|Any CPU.ActiveCfg = Release|Any CPU
		{6C5B6279-8E9E-47E4-A71F-3F3512CFD8A1}.Release|Any CPU.Build.0 = Release|Any CPU
		{5C3DC6CB-4B8A-4608-B1DF-259EC903586C}.Debug|Any CPU.ActiveCfg = Debug|Any CPU
		{5C3DC6CB-4B8A-4608-B1DF-259EC903586C}.Debug|Any CPU.Build.0 = Debug|Any CPU
		{5C3DC6CB-4B8A-4608-B1DF-259EC903586C}.Release|Any CPU.ActiveCfg = Release|Any CPU
		{5C3DC6CB-4B8A-4608-B1DF-259EC903586C}.Release|Any CPU.Build.0 = Release|Any CPU
		{153F71D3-1F5E-4F3A-B9A6-5C3E57F92D29}.Debug|Any CPU.ActiveCfg = Debug|Any CPU
		{153F71D3-1F5E-4F3A-B9A6-5C3E57F92D29}.Debug|Any CPU.Build.0 = Debug|Any CPU
		{153F71D3-1F5E-4F3A-B9A6-5C3E57F92D29}.Release|Any CPU.ActiveCfg = Release|Any CPU
		{153F71D3-1F5E-4F3A-B9A6-5C3E57F92D29}.Release|Any CPU.Build.0 = Release|Any CPU
		{EEBD6C87-CB93-46E5-89F8-9AB657AADE78}.Debug|Any CPU.ActiveCfg = Debug|Any CPU
		{EEBD6C87-CB93-46E5-89F8-9AB657AADE78}.Debug|Any CPU.Build.0 = Debug|Any CPU
		{EEBD6C87-CB93-46E5-89F8-9AB657AADE78}.Release|Any CPU.ActiveCfg = Release|Any CPU
		{EEBD6C87-CB93-46E5-89F8-9AB657AADE78}.Release|Any CPU.Build.0 = Release|Any CPU
		{435EC31B-4423-4C6E-B52B-2E32BF274235}.Debug|Any CPU.ActiveCfg = Debug|Any CPU
		{435EC31B-4423-4C6E-B52B-2E32BF274235}.Debug|Any CPU.Build.0 = Debug|Any CPU
		{435EC31B-4423-4C6E-B52B-2E32BF274235}.Release|Any CPU.ActiveCfg = Release|Any CPU
		{435EC31B-4423-4C6E-B52B-2E32BF274235}.Release|Any CPU.Build.0 = Release|Any CPU
		{405AC08F-8416-4229-A70C-7A5D6AC4FD37}.Debug|Any CPU.ActiveCfg = Debug|Any CPU
		{405AC08F-8416-4229-A70C-7A5D6AC4FD37}.Debug|Any CPU.Build.0 = Debug|Any CPU
		{405AC08F-8416-4229-A70C-7A5D6AC4FD37}.Release|Any CPU.ActiveCfg = Release|Any CPU
		{405AC08F-8416-4229-A70C-7A5D6AC4FD37}.Release|Any CPU.Build.0 = Release|Any CPU
		{0A71D947-C1AC-4718-859A-FE2F6EFD3417}.Debug|Any CPU.ActiveCfg = Debug|Any CPU
		{0A71D947-C1AC-4718-859A-FE2F6EFD3417}.Debug|Any CPU.Build.0 = Debug|Any CPU
		{0A71D947-C1AC-4718-859A-FE2F6EFD3417}.Release|Any CPU.ActiveCfg = Release|Any CPU
		{0A71D947-C1AC-4718-859A-FE2F6EFD3417}.Release|Any CPU.Build.0 = Release|Any CPU
		{F1C4848B-D5DD-4F6B-9405-C08550FC0D55}.Debug|Any CPU.ActiveCfg = Debug|Any CPU
		{F1C4848B-D5DD-4F6B-9405-C08550FC0D55}.Debug|Any CPU.Build.0 = Debug|Any CPU
		{F1C4848B-D5DD-4F6B-9405-C08550FC0D55}.Release|Any CPU.ActiveCfg = Release|Any CPU
		{F1C4848B-D5DD-4F6B-9405-C08550FC0D55}.Release|Any CPU.Build.0 = Release|Any CPU
	EndGlobalSection
	GlobalSection(SolutionProperties) = preSolution
		HideSolutionNode = FALSE
	EndGlobalSection
	GlobalSection(ExtensibilityGlobals) = postSolution
		EnterpriseLibraryConfigurationToolBinariesPathV6 = packages\EnterpriseLibrary.Common.6.0.1304.0\lib\NET45;packages\EnterpriseLibrary.Data.6.0.1304.0\lib\NET45
	EndGlobalSection
EndGlobal
